
Microsoft Visual Studio Solution File, Format Version 11.00
# Visual Studio 2010
Project("{FAE04EC0-301F-11D3-BF4B-00C04F79EFBC}") = "Eossyn.Web", "Eossyn.Web\Eossyn.Web.csproj", "{5BD7E3E1-7230-4047-A3F1-10800846E43F}"
EndProject
Project("{FAE04EC0-301F-11D3-BF4B-00C04F79EFBC}") = "Eossyn.Web.Tests", "Eossyn.Web.Tests\Eossyn.Web.Tests.csproj", "{2D89D450-57F1-463A-BD57-14E75F8A67AA}"
EndProject
Project("{FAE04EC0-301F-11D3-BF4B-00C04F79EFBC}") = "Eossyn.Core", "Eossyn.Core\Eossyn.Core.csproj", "{3BB50C55-A0D1-4A28-AEE6-E10A63E7B444}"
EndProject
Project("{FAE04EC0-301F-11D3-BF4B-00C04F79EFBC}") = "Eossyn.Data", "Eossyn.Data\Eossyn.Data.csproj", "{990C869A-FC46-43D9-9126-5896F5F556CE}"
EndProject
Project("{FAE04EC0-301F-11D3-BF4B-00C04F79EFBC}") = "Eossyn.Models", "Eossyn.Models\Eossyn.Models.csproj", "{837E7E3E-B5FD-42E1-9356-5BEA73D4E8C5}"
EndProject
Global
	GlobalSection(SolutionConfigurationPlatforms) = preSolution
		Debug|Any CPU = Debug|Any CPU
		Release|Any CPU = Release|Any CPU
	EndGlobalSection
	GlobalSection(ProjectConfigurationPlatforms) = postSolution
		{5BD7E3E1-7230-4047-A3F1-10800846E43F}.Debug|Any CPU.ActiveCfg = Debug|Any CPU
		{5BD7E3E1-7230-4047-A3F1-10800846E43F}.Debug|Any CPU.Build.0 = Debug|Any CPU
		{5BD7E3E1-7230-4047-A3F1-10800846E43F}.Release|Any CPU.ActiveCfg = Release|Any CPU
		{5BD7E3E1-7230-4047-A3F1-10800846E43F}.Release|Any CPU.Build.0 = Release|Any CPU
		{2D89D450-57F1-463A-BD57-14E75F8A67AA}.Debug|Any CPU.ActiveCfg = Debug|Any CPU
		{2D89D450-57F1-463A-BD57-14E75F8A67AA}.Debug|Any CPU.Build.0 = Debug|Any CPU
		{2D89D450-57F1-463A-BD57-14E75F8A67AA}.Release|Any CPU.ActiveCfg = Release|Any CPU
		{2D89D450-57F1-463A-BD57-14E75F8A67AA}.Release|Any CPU.Build.0 = Release|Any CPU
		{3BB50C55-A0D1-4A28-AEE6-E10A63E7B444}.Debug|Any CPU.ActiveCfg = Debug|Any CPU
		{3BB50C55-A0D1-4A28-AEE6-E10A63E7B444}.Debug|Any CPU.Build.0 = Debug|Any CPU
		{3BB50C55-A0D1-4A28-AEE6-E10A63E7B444}.Release|Any CPU.ActiveCfg = Release|Any CPU
		{3BB50C55-A0D1-4A28-AEE6-E10A63E7B444}.Release|Any CPU.Build.0 = Release|Any CPU
		{990C869A-FC46-43D9-9126-5896F5F556CE}.Debug|Any CPU.ActiveCfg = Debug|Any CPU
		{990C869A-FC46-43D9-9126-5896F5F556CE}.Debug|Any CPU.Build.0 = Debug|Any CPU
		{990C869A-FC46-43D9-9126-5896F5F556CE}.Release|Any CPU.ActiveCfg = Release|Any CPU
		{990C869A-FC46-43D9-9126-5896F5F556CE}.Release|Any CPU.Build.0 = Release|Any CPU
		{837E7E3E-B5FD-42E1-9356-5BEA73D4E8C5}.Debug|Any CPU.ActiveCfg = Debug|Any CPU
		{837E7E3E-B5FD-42E1-9356-5BEA73D4E8C5}.Debug|Any CPU.Build.0 = Debug|Any CPU
		{837E7E3E-B5FD-42E1-9356-5BEA73D4E8C5}.Release|Any CPU.ActiveCfg = Release|Any CPU
		{837E7E3E-B5FD-42E1-9356-5BEA73D4E8C5}.Release|Any CPU.Build.0 = Release|Any CPU
	EndGlobalSection
	GlobalSection(SolutionProperties) = preSolution
		HideSolutionNode = FALSE
	EndGlobalSection
EndGlobal
